// !$*UTF8*$!
{
	archiveVersion = 1;
	classes = {
	};
	objectVersion = 48;
	objects = {

/* Begin PBXBuildFile section */
		8BB43242209E9C6D00DFEC8B /* UIViewController+CoreData.swift in Sources */ = {isa = PBXBuildFile; fileRef = 8BB43241209E9C6D00DFEC8B /* UIViewController+CoreData.swift */; };
		8BF6E6A7209E7E4900FD7343 /* TotalViewController.swift in Sources */ = {isa = PBXBuildFile; fileRef = 8BF6E6A6209E7E4900FD7343 /* TotalViewController.swift */; };
		8BF6E6A9209E7FF200FD7343 /* Settings.bundle in Resources */ = {isa = PBXBuildFile; fileRef = 8BF6E6A8209E7FF200FD7343 /* Settings.bundle */; };
		AC17E053208E98D800893CBC /* AppDelegate.swift in Sources */ = {isa = PBXBuildFile; fileRef = AC17E052208E98D800893CBC /* AppDelegate.swift */; };
		AC17E055208E98D800893CBC /* ViewController.swift in Sources */ = {isa = PBXBuildFile; fileRef = AC17E054208E98D800893CBC /* ViewController.swift */; };
		AC17E058208E98D800893CBC /* Main.storyboard in Resources */ = {isa = PBXBuildFile; fileRef = AC17E056208E98D800893CBC /* Main.storyboard */; };
		AC17E05B208E98D800893CBC /* MauricioRamalhoCustodio.xcdatamodeld in Sources */ = {isa = PBXBuildFile; fileRef = AC17E059208E98D800893CBC /* MauricioRamalhoCustodio.xcdatamodeld */; };
		AC17E05D208E98D800893CBC /* Assets.xcassets in Resources */ = {isa = PBXBuildFile; fileRef = AC17E05C208E98D800893CBC /* Assets.xcassets */; };
		AC17E060208E98D800893CBC /* LaunchScreen.storyboard in Resources */ = {isa = PBXBuildFile; fileRef = AC17E05E208E98D800893CBC /* LaunchScreen.storyboard */; };
		AC17E068208EA24B00893CBC /* ProductTableViewController.swift in Sources */ = {isa = PBXBuildFile; fileRef = AC17E067208EA24B00893CBC /* ProductTableViewController.swift */; };
		AC17E06C208EB26000893CBC /* ProductViewController.swift in Sources */ = {isa = PBXBuildFile; fileRef = AC17E06B208EB26000893CBC /* ProductViewController.swift */; };
		AC39C22C209E3811001AB5A8 /* ConfigViewController.swift in Sources */ = {isa = PBXBuildFile; fileRef = AC39C22B209E3811001AB5A8 /* ConfigViewController.swift */; };
/* End PBXBuildFile section */

/* Begin PBXFileReference section */
		8BB43241209E9C6D00DFEC8B /* UIViewController+CoreData.swift */ = {isa = PBXFileReference; lastKnownFileType = sourcecode.swift; path = "UIViewController+CoreData.swift"; sourceTree = "<group>"; };
		8BF6E6A6209E7E4900FD7343 /* TotalViewController.swift */ = {isa = PBXFileReference; lastKnownFileType = sourcecode.swift; path = TotalViewController.swift; sourceTree = "<group>"; };
		8BF6E6A8209E7FF200FD7343 /* Settings.bundle */ = {isa = PBXFileReference; lastKnownFileType = "wrapper.plug-in"; path = Settings.bundle; sourceTree = "<group>"; };
		AC17E04F208E98D800893CBC /* MauricioRamalhoCustodio.app */ = {isa = PBXFileReference; explicitFileType = wrapper.application; includeInIndex = 0; path = MauricioRamalhoCustodio.app; sourceTree = BUILT_PRODUCTS_DIR; };
		AC17E052208E98D800893CBC /* AppDelegate.swift */ = {isa = PBXFileReference; lastKnownFileType = sourcecode.swift; path = AppDelegate.swift; sourceTree = "<group>"; };
		AC17E054208E98D800893CBC /* ViewController.swift */ = {isa = PBXFileReference; lastKnownFileType = sourcecode.swift; path = ViewController.swift; sourceTree = "<group>"; };
		AC17E057208E98D800893CBC /* Base */ = {isa = PBXFileReference; lastKnownFileType = file.storyboard; name = Base; path = Base.lproj/Main.storyboard; sourceTree = "<group>"; };
		AC17E05A208E98D800893CBC /* MauricioRamalhoCustodio.xcdatamodel */ = {isa = PBXFileReference; lastKnownFileType = wrapper.xcdatamodel; path = MauricioRamalhoCustodio.xcdatamodel; sourceTree = "<group>"; };
		AC17E05C208E98D800893CBC /* Assets.xcassets */ = {isa = PBXFileReference; lastKnownFileType = folder.assetcatalog; path = Assets.xcassets; sourceTree = "<group>"; };
		AC17E05F208E98D800893CBC /* Base */ = {isa = PBXFileReference; lastKnownFileType = file.storyboard; name = Base; path = Base.lproj/LaunchScreen.storyboard; sourceTree = "<group>"; };
		AC17E061208E98D800893CBC /* Info.plist */ = {isa = PBXFileReference; lastKnownFileType = text.plist.xml; path = Info.plist; sourceTree = "<group>"; };
		AC17E067208EA24B00893CBC /* ProductTableViewController.swift */ = {isa = PBXFileReference; lastKnownFileType = sourcecode.swift; path = ProductTableViewController.swift; sourceTree = "<group>"; };
		AC17E06B208EB26000893CBC /* ProductViewController.swift */ = {isa = PBXFileReference; lastKnownFileType = sourcecode.swift; path = ProductViewController.swift; sourceTree = "<group>"; };
		AC39C22B209E3811001AB5A8 /* ConfigViewController.swift */ = {isa = PBXFileReference; lastKnownFileType = sourcecode.swift; path = ConfigViewController.swift; sourceTree = "<group>"; };
/* End PBXFileReference section */

/* Begin PBXFrameworksBuildPhase section */
		AC17E04C208E98D800893CBC /* Frameworks */ = {
			isa = PBXFrameworksBuildPhase;
			buildActionMask = 2147483647;
			files = (
			);
			runOnlyForDeploymentPostprocessing = 0;
		};
/* End PBXFrameworksBuildPhase section */

/* Begin PBXGroup section */
		AC17E046208E98D800893CBC = {
			isa = PBXGroup;
			children = (
				AC17E051208E98D800893CBC /* MauricioRamalhoCustodio */,
				AC17E050208E98D800893CBC /* Products */,
			);
			sourceTree = "<group>";
		};
		AC17E050208E98D800893CBC /* Products */ = {
			isa = PBXGroup;
			children = (
				AC17E04F208E98D800893CBC /* MauricioRamalhoCustodio.app */,
			);
			name = Products;
			sourceTree = "<group>";
		};
		AC17E051208E98D800893CBC /* MauricioRamalhoCustodio */ = {
			isa = PBXGroup;
			children = (
				AC17E052208E98D800893CBC /* AppDelegate.swift */,
				8BB43241209E9C6D00DFEC8B /* UIViewController+CoreData.swift */,
				AC17E054208E98D800893CBC /* ViewController.swift */,
				AC17E056208E98D800893CBC /* Main.storyboard */,
				8BF6E6A6209E7E4900FD7343 /* TotalViewController.swift */,
				AC17E06B208EB26000893CBC /* ProductViewController.swift */,
				AC17E067208EA24B00893CBC /* ProductTableViewController.swift */,
				AC39C22B209E3811001AB5A8 /* ConfigViewController.swift */,
				8BF6E6A8209E7FF200FD7343 /* Settings.bundle */,
				AC17E05C208E98D800893CBC /* Assets.xcassets */,
				AC17E05E208E98D800893CBC /* LaunchScreen.storyboard */,
				AC17E061208E98D800893CBC /* Info.plist */,
				AC17E059208E98D800893CBC /* MauricioRamalhoCustodio.xcdatamodeld */,
			);
			path = MauricioRamalhoCustodio;
			sourceTree = "<group>";
		};
/* End PBXGroup section */

/* Begin PBXNativeTarget section */
		AC17E04E208E98D800893CBC /* MauricioRamalhoCustodio */ = {
			isa = PBXNativeTarget;
			buildConfigurationList = AC17E064208E98D800893CBC /* Build configuration list for PBXNativeTarget "MauricioRamalhoCustodio" */;
			buildPhases = (
				AC17E04B208E98D800893CBC /* Sources */,
				AC17E04C208E98D800893CBC /* Frameworks */,
				AC17E04D208E98D800893CBC /* Resources */,
			);
			buildRules = (
			);
			dependencies = (
			);
			name = MauricioRamalhoCustodio;
			productName = MauricioRamalhoCustodio;
			productReference = AC17E04F208E98D800893CBC /* MauricioRamalhoCustodio.app */;
			productType = "com.apple.product-type.application";
		};
/* End PBXNativeTarget section */

/* Begin PBXProject section */
		AC17E047208E98D800893CBC /* Project object */ = {
			isa = PBXProject;
			attributes = {
				LastSwiftUpdateCheck = 0920;
				LastUpgradeCheck = 0920;
				ORGANIZATIONNAME = FIAP;
				TargetAttributes = {
					AC17E04E208E98D800893CBC = {
						CreatedOnToolsVersion = 9.2;
						ProvisioningStyle = Automatic;
					};
				};
			};
			buildConfigurationList = AC17E04A208E98D800893CBC /* Build configuration list for PBXProject "MauricioRamalhoCustodio" */;
			compatibilityVersion = "Xcode 8.0";
			developmentRegion = en;
			hasScannedForEncodings = 0;
			knownRegions = (
				en,
				Base,
			);
			mainGroup = AC17E046208E98D800893CBC;
			productRefGroup = AC17E050208E98D800893CBC /* Products */;
			projectDirPath = "";
			projectRoot = "";
			targets = (
				AC17E04E208E98D800893CBC /* MauricioRamalhoCustodio */,
			);
		};
/* End PBXProject section */

/* Begin PBXResourcesBuildPhase section */
		AC17E04D208E98D800893CBC /* Resources */ = {
			isa = PBXResourcesBuildPhase;
			buildActionMask = 2147483647;
			files = (
				8BF6E6A9209E7FF200FD7343 /* Settings.bundle in Resources */,
				AC17E060208E98D800893CBC /* LaunchScreen.storyboard in Resources */,
				AC17E05D208E98D800893CBC /* Assets.xcassets in Resources */,
				AC17E058208E98D800893CBC /* Main.storyboard in Resources */,
			);
			runOnlyForDeploymentPostprocessing = 0;
		};
/* End PBXResourcesBuildPhase section */

/* Begin PBXSourcesBuildPhase section */
		AC17E04B208E98D800893CBC /* Sources */ = {
			isa = PBXSourcesBuildPhase;
			buildActionMask = 2147483647;
			files = (
				AC17E06C208EB26000893CBC /* ProductViewController.swift in Sources */,
				AC17E055208E98D800893CBC /* ViewController.swift in Sources */,
				8BF6E6A7209E7E4900FD7343 /* TotalViewController.swift in Sources */,
				AC39C22C209E3811001AB5A8 /* ConfigViewController.swift in Sources */,
				AC17E053208E98D800893CBC /* AppDelegate.swift in Sources */,
				8BB43242209E9C6D00DFEC8B /* UIViewController+CoreData.swift in Sources */,
				AC17E068208EA24B00893CBC /* ProductTableViewController.swift in Sources */,
				AC17E05B208E98D800893CBC /* MauricioRamalhoCustodio.xcdatamodeld in Sources */,
			);
			runOnlyForDeploymentPostprocessing = 0;
		};
/* End PBXSourcesBuildPhase section */

/* Begin PBXVariantGroup section */
		AC17E056208E98D800893CBC /* Main.storyboard */ = {
			isa = PBXVariantGroup;
			children = (
				AC17E057208E98D800893CBC /* Base */,
			);
			name = Main.storyboard;
			sourceTree = "<group>";
		};
		AC17E05E208E98D800893CBC /* LaunchScreen.storyboard */ = {
			isa = PBXVariantGroup;
			children = (
				AC17E05F208E98D800893CBC /* Base */,
			);
			name = LaunchScreen.storyboard;
			sourceTree = "<group>";
		};
/* End PBXVariantGroup section */

/* Begin XCBuildConfiguration section */
		AC17E062208E98D800893CBC /* Debug */ = {
			isa = XCBuildConfiguration;
			buildSettings = {
				ALWAYS_SEARCH_USER_PATHS = NO;
				CLANG_ANALYZER_NONNULL = YES;
				CLANG_ANALYZER_NUMBER_OBJECT_CONVERSION = YES_AGGRESSIVE;
				CLANG_CXX_LANGUAGE_STANDARD = "gnu++14";
				CLANG_CXX_LIBRARY = "libc++";
				CLANG_ENABLE_MODULES = YES;
				CLANG_ENABLE_OBJC_ARC = YES;
				CLANG_WARN_BLOCK_CAPTURE_AUTORELEASING = YES;
				CLANG_WARN_BOOL_CONVERSION = YES;
				CLANG_WARN_COMMA = YES;
				CLANG_WARN_CONSTANT_CONVERSION = YES;
				CLANG_WARN_DIRECT_OBJC_ISA_USAGE = YES_ERROR;
				CLANG_WARN_DOCUMENTATION_COMMENTS = YES;
				CLANG_WARN_EMPTY_BODY = YES;
				CLANG_WARN_ENUM_CONVERSION = YES;
				CLANG_WARN_INFINITE_RECURSION = YES;
				CLANG_WARN_INT_CONVERSION = YES;
				CLANG_WARN_NON_LITERAL_NULL_CONVERSION = YES;
				CLANG_WARN_OBJC_LITERAL_CONVERSION = YES;
				CLANG_WARN_OBJC_ROOT_CLASS = YES_ERROR;
				CLANG_WARN_RANGE_LOOP_ANALYSIS = YES;
				CLANG_WARN_STRICT_PROTOTYPES = YES;
				CLANG_WARN_SUSPICIOUS_MOVE = YES;
				CLANG_WARN_UNGUARDED_AVAILABILITY = YES_AGGRESSIVE;
				CLANG_WARN_UNREACHABLE_CODE = YES;
				CLANG_WARN__DUPLICATE_METHOD_MATCH = YES;
				CODE_SIGN_IDENTITY = "iPhone Developer";
				COPY_PHASE_STRIP = NO;
				DEBUG_INFORMATION_FORMAT = dwarf;
				ENABLE_STRICT_OBJC_MSGSEND = YES;
				ENABLE_TESTABILITY = YES;
				GCC_C_LANGUAGE_STANDARD = gnu11;
				GCC_DYNAMIC_NO_PIC = NO;
				GCC_NO_COMMON_BLOCKS = YES;
				GCC_OPTIMIZATION_LEVEL = 0;
				GCC_PREPROCESSOR_DEFINITIONS = (
					"DEBUG=1",
					"$(inherited)",
				);
				GCC_WARN_64_TO_32_BIT_CONVERSION = YES;
				GCC_WARN_ABOUT_RETURN_TYPE = YES_ERROR;
				GCC_WARN_UNDECLARED_SELECTOR = YES;
				GCC_WARN_UNINITIALIZED_AUTOS = YES_AGGRESSIVE;
				GCC_WARN_UNUSED_FUNCTION = YES;
				GCC_WARN_UNUSED_VARIABLE = YES;
				IPHONEOS_DEPLOYMENT_TARGET = 11.2;
				MTL_ENABLE_DEBUG_INFO = YES;
				ONLY_ACTIVE_ARCH = YES;
				SDKROOT = iphoneos;
				SWIFT_ACTIVE_COMPILATION_CONDITIONS = DEBUG;
				SWIFT_OPTIMIZATION_LEVEL = "-Onone";
			};
			name = Debug;
		};
		AC17E063208E98D800893CBC /* Release */ = {
			isa = XCBuildConfiguration;
			buildSettings = {
				ALWAYS_SEARCH_USER_PATHS = NO;
				CLANG_ANALYZER_NONNULL = YES;
				CLANG_ANALYZER_NUMBER_OBJECT_CONVERSION = YES_AGGRESSIVE;
				CLANG_CXX_LANGUAGE_STANDARD = "gnu++14";
				CLANG_CXX_LIBRARY = "libc++";
				CLANG_ENABLE_MODULES = YES;
				CLANG_ENABLE_OBJC_ARC = YES;
				CLANG_WARN_BLOCK_CAPTURE_AUTORELEASING = YES;
				CLANG_WARN_BOOL_CONVERSION = YES;
				CLANG_WARN_COMMA = YES;
				CLANG_WARN_CONSTANT_CONVERSION = YES;
				CLANG_WARN_DIRECT_OBJC_ISA_USAGE = YES_ERROR;
				CLANG_WARN_DOCUMENTATION_COMMENTS = YES;
				CLANG_WARN_EMPTY_BODY = YES;
				CLANG_WARN_ENUM_CONVERSION = YES;
				CLANG_WARN_INFINITE_RECURSION = YES;
				CLANG_WARN_INT_CONVERSION = YES;
				CLANG_WARN_NON_LITERAL_NULL_CONVERSION = YES;
				CLANG_WARN_OBJC_LITERAL_CONVERSION = YES;
				CLANG_WARN_OBJC_ROOT_CLASS = YES_ERROR;
				CLANG_WARN_RANGE_LOOP_ANALYSIS = YES;
				CLANG_WARN_STRICT_PROTOTYPES = YES;
				CLANG_WARN_SUSPICIOUS_MOVE = YES;
				CLANG_WARN_UNGUARDED_AVAILABILITY = YES_AGGRESSIVE;
				CLANG_WARN_UNREACHABLE_CODE = YES;
				CLANG_WARN__DUPLICATE_METHOD_MATCH = YES;
				CODE_SIGN_IDENTITY = "iPhone Developer";
				COPY_PHASE_STRIP = NO;
				DEBUG_INFORMATION_FORMAT = "dwarf-with-dsym";
				ENABLE_NS_ASSERTIONS = NO;
				ENABLE_STRICT_OBJC_MSGSEND = YES;
				GCC_C_LANGUAGE_STANDARD = gnu11;
				GCC_NO_COMMON_BLOCKS = YES;
				GCC_WARN_64_TO_32_BIT_CONVERSION = YES;
				GCC_WARN_ABOUT_RETURN_TYPE = YES_ERROR;
				GCC_WARN_UNDECLARED_SELECTOR = YES;
				GCC_WARN_UNINITIALIZED_AUTOS = YES_AGGRESSIVE;
				GCC_WARN_UNUSED_FUNCTION = YES;
				GCC_WARN_UNUSED_VARIABLE = YES;
				IPHONEOS_DEPLOYMENT_TARGET = 11.2;
				MTL_ENABLE_DEBUG_INFO = NO;
				SDKROOT = iphoneos;
				SWIFT_OPTIMIZATION_LEVEL = "-Owholemodule";
				VALIDATE_PRODUCT = YES;
			};
			name = Release;
		};
		AC17E065208E98D800893CBC /* Debug */ = {
			isa = XCBuildConfiguration;
			buildSettings = {
				ASSETCATALOG_COMPILER_APPICON_NAME = AppIcon;
				CODE_SIGN_STYLE = Automatic;
				INFOPLIST_FILE = MauricioRamalhoCustodio/Info.plist;
				LD_RUNPATH_SEARCH_PATHS = "$(inherited) @executable_path/Frameworks";
				PRODUCT_BUNDLE_IDENTIFIER = com.fiap.MauricioRamalhoCustodio;
				PRODUCT_NAME = "$(TARGET_NAME)";
				SWIFT_VERSION = 4.0;
				TARGETED_DEVICE_FAMILY = "1,2";
			};
			name = Debug;
		};
		AC17E066208E98D800893CBC /* Release */ = {
			isa = XCBuildConfiguration;
			buildSettings = {
				ASSETCATALOG_COMPILER_APPICON_NAME = AppIcon;
				CODE_SIGN_STYLE = Automatic;
				INFOPLIST_FILE = MauricioRamalhoCustodio/Info.plist;
				LD_RUNPATH_SEARCH_PATHS = "$(inherited) @executable_path/Frameworks";
				PRODUCT_BUNDLE_IDENTIFIER = com.fiap.MauricioRamalhoCustodio;
				PRODUCT_NAME = "$(TARGET_NAME)";
				SWIFT_VERSION = 4.0;
				TARGETED_DEVICE_FAMILY = "1,2";
			};
			name = Release;
		};
/* End XCBuildConfiguration section */

/* Begin XCConfigurationList section */
		AC17E04A208E98D800893CBC /* Build configuration list for PBXProject "MauricioRamalhoCustodio" */ = {
			isa = XCConfigurationList;
			buildConfigurations = (
				AC17E062208E98D800893CBC /* Debug */,
				AC17E063208E98D800893CBC /* Release */,
			);
			defaultConfigurationIsVisible = 0;
			defaultConfigurationName = Release;
		};
		AC17E064208E98D800893CBC /* Build configuration list for PBXNativeTarget "MauricioRamalhoCustodio" */ = {
			isa = XCConfigurationList;
			buildConfigurations = (
				AC17E065208E98D800893CBC /* Debug */,
				AC17E066208E98D800893CBC /* Release */,
			);
			defaultConfigurationIsVisible = 0;
			defaultConfigurationName = Release;
		};
/* End XCConfigurationList section */

/* Begin XCVersionGroup section */
		AC17E059208E98D800893CBC /* MauricioRamalhoCustodio.xcdatamodeld */ = {
			isa = XCVersionGroup;
			children = (
				AC17E05A208E98D800893CBC /* MauricioRamalhoCustodio.xcdatamodel */,
			);
			currentVersion = AC17E05A208E98D800893CBC /* MauricioRamalhoCustodio.xcdatamodel */;
			path = MauricioRamalhoCustodio.xcdatamodeld;
			sourceTree = "<group>";
			versionGroupType = wrapper.xcdatamodel;
		};
/* End XCVersionGroup section */
	};
	rootObject = AC17E047208E98D800893CBC /* Project object */;
}
